
Microsoft Visual Studio Solution File, Format Version 12.00
# Visual Studio 2013
VisualStudioVersion = 12.0.40418.0
MinimumVisualStudioVersion = 10.0.40219.1
Project("{FAE04EC0-301F-11D3-BF4B-00C04F79EFBC}") = "OwinHost", "OwinHost\OwinHost.csproj", "{E914C11E-3AB3-4326-B1E2-6EA62CFE5266}"
EndProject
Project("{FAE04EC0-301F-11D3-BF4B-00C04F79EFBC}") = "Controllers", "Controllers\Controllers.csproj", "{A42736C2-D97E-4CDD-82F2-2DC564D9E2BF}"
EndProject
Project("{FAE04EC0-301F-11D3-BF4B-00C04F79EFBC}") = "DeviceControllers", "DeviceControllers\DeviceControllers.csproj", "{458490BC-23F8-4962-853E-B772840BC68A}"
EndProject
Global
	GlobalSection(SolutionConfigurationPlatforms) = preSolution
		Debug|Any CPU = Debug|Any CPU
		Debug|Mixed Platforms = Debug|Mixed Platforms
		Debug|x64 = Debug|x64
		Release|Any CPU = Release|Any CPU
		Release|Mixed Platforms = Release|Mixed Platforms
		Release|x64 = Release|x64
	EndGlobalSection
	GlobalSection(ProjectConfigurationPlatforms) = postSolution
		{E914C11E-3AB3-4326-B1E2-6EA62CFE5266}.Debug|Any CPU.ActiveCfg = Debug|Any CPU
		{E914C11E-3AB3-4326-B1E2-6EA62CFE5266}.Debug|Any CPU.Build.0 = Debug|Any CPU
		{E914C11E-3AB3-4326-B1E2-6EA62CFE5266}.Debug|Mixed Platforms.ActiveCfg = Debug|Any CPU
		{E914C11E-3AB3-4326-B1E2-6EA62CFE5266}.Debug|Mixed Platforms.Build.0 = Debug|Any CPU
		{E914C11E-3AB3-4326-B1E2-6EA62CFE5266}.Debug|x64.ActiveCfg = Debug|x64
		{E914C11E-3AB3-4326-B1E2-6EA62CFE5266}.Debug|x64.Build.0 = Debug|x64
		{E914C11E-3AB3-4326-B1E2-6EA62CFE5266}.Release|Any CPU.ActiveCfg = Release|Any CPU
		{E914C11E-3AB3-4326-B1E2-6EA62CFE5266}.Release|Any CPU.Build.0 = Release|Any CPU
		{E914C11E-3AB3-4326-B1E2-6EA62CFE5266}.Release|Mixed Platforms.ActiveCfg = Release|Any CPU
		{E914C11E-3AB3-4326-B1E2-6EA62CFE5266}.Release|Mixed Platforms.Build.0 = Release|Any CPU
		{E914C11E-3AB3-4326-B1E2-6EA62CFE5266}.Release|x64.ActiveCfg = Release|Any CPU
		{A42736C2-D97E-4CDD-82F2-2DC564D9E2BF}.Debug|Any CPU.ActiveCfg = Debug|Any CPU
		{A42736C2-D97E-4CDD-82F2-2DC564D9E2BF}.Debug|Any CPU.Build.0 = Debug|Any CPU
		{A42736C2-D97E-4CDD-82F2-2DC564D9E2BF}.Debug|Mixed Platforms.ActiveCfg = Debug|Any CPU
		{A42736C2-D97E-4CDD-82F2-2DC564D9E2BF}.Debug|Mixed Platforms.Build.0 = Debug|Any CPU
		{A42736C2-D97E-4CDD-82F2-2DC564D9E2BF}.Debug|x64.ActiveCfg = Debug|x64
		{A42736C2-D97E-4CDD-82F2-2DC564D9E2BF}.Debug|x64.Build.0 = Debug|x64
		{A42736C2-D97E-4CDD-82F2-2DC564D9E2BF}.Release|Any CPU.ActiveCfg = Release|Any CPU
		{A42736C2-D97E-4CDD-82F2-2DC564D9E2BF}.Release|Any CPU.Build.0 = Release|Any CPU
		{A42736C2-D97E-4CDD-82F2-2DC564D9E2BF}.Release|Mixed Platforms.ActiveCfg = Release|Any CPU
		{A42736C2-D97E-4CDD-82F2-2DC564D9E2BF}.Release|Mixed Platforms.Build.0 = Release|Any CPU
		{A42736C2-D97E-4CDD-82F2-2DC564D9E2BF}.Release|x64.ActiveCfg = Release|Any CPU
		{458490BC-23F8-4962-853E-B772840BC68A}.Debug|Any CPU.ActiveCfg = Debug|Any CPU
		{458490BC-23F8-4962-853E-B772840BC68A}.Debug|Any CPU.Build.0 = Debug|Any CPU
		{458490BC-23F8-4962-853E-B772840BC68A}.Debug|Mixed Platforms.ActiveCfg = Debug|Any CPU
		{458490BC-23F8-4962-853E-B772840BC68A}.Debug|Mixed Platforms.Build.0 = Debug|Any CPU
		{458490BC-23F8-4962-853E-B772840BC68A}.Debug|x64.ActiveCfg = Debug|Any CPU
		{458490BC-23F8-4962-853E-B772840BC68A}.Debug|x64.Build.0 = Debug|Any CPU
		{458490BC-23F8-4962-853E-B772840BC68A}.Release|Any CPU.ActiveCfg = Release|Any CPU
		{458490BC-23F8-4962-853E-B772840BC68A}.Release|Any CPU.Build.0 = Release|Any CPU
		{458490BC-23F8-4962-853E-B772840BC68A}.Release|Mixed Platforms.ActiveCfg = Release|Any CPU
		{458490BC-23F8-4962-853E-B772840BC68A}.Release|Mixed Platforms.Build.0 = Release|Any CPU
		{458490BC-23F8-4962-853E-B772840BC68A}.Release|x64.ActiveCfg = Release|Any CPU
		{458490BC-23F8-4962-853E-B772840BC68A}.Release|x64.Build.0 = Release|Any CPU
	EndGlobalSection
	GlobalSection(SolutionProperties) = preSolution
		HideSolutionNode = FALSE
	EndGlobalSection
EndGlobal
